// !$*UTF8*$!
{
	archiveVersion = 1;
	classes = {
	};
	objectVersion = 50;
	objects = {

/* Begin PBXBuildFile section */
		CF2484BE265759A20072D867 /* map.cpp in Sources */ = {isa = PBXBuildFile; fileRef = CF2484BC265759A20072D867 /* map.cpp */; };
		CF2484C226586BD80072D867 /* algorithms.cpp in Sources */ = {isa = PBXBuildFile; fileRef = CF2484C026586BD80072D867 /* algorithms.cpp */; };
		CF2484C5265985C70072D867 /* functors.cpp in Sources */ = {isa = PBXBuildFile; fileRef = CF2484C3265985C70072D867 /* functors.cpp */; };
		CF7F75842665DC6D00F7BED1 /* utils.cpp in Sources */ = {isa = PBXBuildFile; fileRef = CF7F75822665DC6D00F7BED1 /* utils.cpp */; };
		CF7F7587266680D300F7BED1 /* sorting.cpp in Sources */ = {isa = PBXBuildFile; fileRef = CF7F7585266680D300F7BED1 /* sorting.cpp */; };
		CF7F758A2667311400F7BED1 /* 2_modifying.cpp in Sources */ = {isa = PBXBuildFile; fileRef = CF7F75882667311400F7BED1 /* 2_modifying.cpp */; };
		CF7F758D2669825600F7BED1 /* sortedDataAlgorithms.cpp in Sources */ = {isa = PBXBuildFile; fileRef = CF7F758B2669825600F7BED1 /* sortedDataAlgorithms.cpp */; };
		CFAA30F8267F88EC00DAB7FF /* 1_streams.cpp in Sources */ = {isa = PBXBuildFile; fileRef = CFAA30F6267F88EC00DAB7FF /* 1_streams.cpp */; };
		CFBC362E259323E700C965C0 /* main.cpp in Sources */ = {isa = PBXBuildFile; fileRef = CFBC362D259323E700C965C0 /* main.cpp */; };
		CFE3048C26743275007ED1F0 /* async_future.cpp in Sources */ = {isa = PBXBuildFile; fileRef = CFE3048A26743275007ED1F0 /* async_future.cpp */; };
		CFE501D62654B28E002A2B5E /* set.cpp in Sources */ = {isa = PBXBuildFile; fileRef = CFE501D42654B28E002A2B5E /* set.cpp */; };
		CFE501DB2654BBEF002A2B5E /* map.cpp in Sources */ = {isa = PBXBuildFile; fileRef = CFE501D92654BBEF002A2B5E /* map.cpp */; };
		CFE6F13126794D9D004A99EE /* callbacks.cpp in Sources */ = {isa = PBXBuildFile; fileRef = CFE6F12F26794D9D004A99EE /* callbacks.cpp */; };
		CFE6F135267963A2004A99EE /* callable_objects.cpp in Sources */ = {isa = PBXBuildFile; fileRef = CFE6F133267963A2004A99EE /* callable_objects.cpp */; };
		CFE79E182665DADB00424962 /* nonModifying.cpp in Sources */ = {isa = PBXBuildFile; fileRef = CFE79E162665DADB00424962 /* nonModifying.cpp */; };
		CFE8102E2650CAFE00114D6D /* misc.cpp in Sources */ = {isa = PBXBuildFile; fileRef = CFE810212650CAFE00114D6D /* misc.cpp */; };
		CFE8102F2650CAFE00114D6D /* 1_function_template.cpp in Sources */ = {isa = PBXBuildFile; fileRef = CFE810222650CAFE00114D6D /* 1_function_template.cpp */; };
		CFE810302650CAFE00114D6D /* 2_class_template.cpp in Sources */ = {isa = PBXBuildFile; fileRef = CFE810232650CAFE00114D6D /* 2_class_template.cpp */; };
		CFE810312650CAFE00114D6D /* mapFind.cpp in Sources */ = {isa = PBXBuildFile; fileRef = CFE810282650CAFE00114D6D /* mapFind.cpp */; };
		CFE810322650CAFE00114D6D /* mapIteration.cpp in Sources */ = {isa = PBXBuildFile; fileRef = CFE810292650CAFE00114D6D /* mapIteration.cpp */; };
		CFE810332650CAFE00114D6D /* vector.cpp in Sources */ = {isa = PBXBuildFile; fileRef = CFE8102B2650CAFE00114D6D /* vector.cpp */; };
		CFE8107E2650CCF600114D6D /* strings.cpp in Sources */ = {isa = PBXBuildFile; fileRef = CFE8103F2650CCF600114D6D /* strings.cpp */; };
		CFE8107F2650CCF600114D6D /* Makefile in Sources */ = {isa = PBXBuildFile; fileRef = CFE810412650CCF600114D6D /* Makefile */; };
		CFE810802650CCF600114D6D /* main.cpp in Sources */ = {isa = PBXBuildFile; fileRef = CFE810422650CCF600114D6D /* main.cpp */; };
		CFE810812650CCF600114D6D /* main.cpp in Sources */ = {isa = PBXBuildFile; fileRef = CFE810452650CCF600114D6D /* main.cpp */; };
		CFE810822650CCF600114D6D /* Makefile in Sources */ = {isa = PBXBuildFile; fileRef = CFE810472650CCF600114D6D /* Makefile */; };
		CFE810832650CCF600114D6D /* main.cpp in Sources */ = {isa = PBXBuildFile; fileRef = CFE810482650CCF600114D6D /* main.cpp */; };
		CFE810842650CCF600114D6D /* conversion.cpp in Sources */ = {isa = PBXBuildFile; fileRef = CFE8104A2650CCF600114D6D /* conversion.cpp */; };
		CFE810852650CCF600114D6D /* pointers.cpp in Sources */ = {isa = PBXBuildFile; fileRef = CFE8104C2650CCF600114D6D /* pointers.cpp */; };
		CFE810862650CCF600114D6D /* pointers2.cpp in Sources */ = {isa = PBXBuildFile; fileRef = CFE8104D2650CCF600114D6D /* pointers2.cpp */; };
		CFE810872650CCF600114D6D /* main.cpp in Sources */ = {isa = PBXBuildFile; fileRef = CFE8104F2650CCF600114D6D /* main.cpp */; };
		CFE810882650CCF600114D6D /* main.cpp in Sources */ = {isa = PBXBuildFile; fileRef = CFE810512650CCF600114D6D /* main.cpp */; };
		CFE810892650CCF600114D6D /* main.cpp in Sources */ = {isa = PBXBuildFile; fileRef = CFE810542650CCF600114D6D /* main.cpp */; };
		CFE8108A2650CCF600114D6D /* uniquePointers.cpp in Sources */ = {isa = PBXBuildFile; fileRef = CFE810562650CCF600114D6D /* uniquePointers.cpp */; };
		CFE8108B2650CCF600114D6D /* main.cpp in Sources */ = {isa = PBXBuildFile; fileRef = CFE810592650CCF600114D6D /* main.cpp */; };
		CFE8108C2650CCF600114D6D /* Makefile in Sources */ = {isa = PBXBuildFile; fileRef = CFE8105B2650CCF600114D6D /* Makefile */; };
		CFE8108D2650CCF600114D6D /* main.cpp in Sources */ = {isa = PBXBuildFile; fileRef = CFE8105C2650CCF600114D6D /* main.cpp */; };
		CFE8108E2650CCF600114D6D /* main.cpp in Sources */ = {isa = PBXBuildFile; fileRef = CFE8105E2650CCF600114D6D /* main.cpp */; };
		CFE8108F2650CCF600114D6D /* main.cpp in Sources */ = {isa = PBXBuildFile; fileRef = CFE810602650CCF600114D6D /* main.cpp */; };
		CFE810902650CCF600114D6D /* lambdaCaptureList.cpp in Sources */ = {isa = PBXBuildFile; fileRef = CFE810622650CCF600114D6D /* lambdaCaptureList.cpp */; };
		CFE810912650CCF600114D6D /* lamda.cpp in Sources */ = {isa = PBXBuildFile; fileRef = CFE810632650CCF600114D6D /* lamda.cpp */; };
		CFE810922650CCF600114D6D /* array.cpp in Sources */ = {isa = PBXBuildFile; fileRef = CFE810652650CCF600114D6D /* array.cpp */; };
		CFE810932650CCF600114D6D /* howNotToWriteComments.c in Sources */ = {isa = PBXBuildFile; fileRef = CFE810662650CCF600114D6D /* howNotToWriteComments.c */; };
		CFE810942650CCF600114D6D /* Student.cpp in Sources */ = {isa = PBXBuildFile; fileRef = CFE810682650CCF600114D6D /* Student.cpp */; };
		CFE810962650CCF600114D6D /* main.cpp in Sources */ = {isa = PBXBuildFile; fileRef = CFE8106E2650CCF600114D6D /* main.cpp */; };
		CFE810972650CCF600114D6D /* main.cpp in Sources */ = {isa = PBXBuildFile; fileRef = CFE810702650CCF600114D6D /* main.cpp */; };
		CFE810982650CCF600114D6D /* main.cpp in Sources */ = {isa = PBXBuildFile; fileRef = CFE810732650CCF600114D6D /* main.cpp */; };
		CFE810992650CCF600114D6D /* Cube.cpp in Sources */ = {isa = PBXBuildFile; fileRef = CFE810742650CCF600114D6D /* Cube.cpp */; };
		CFE8109A2650CCF600114D6D /* JSON.cpp in Sources */ = {isa = PBXBuildFile; fileRef = CFE810762650CCF600114D6D /* JSON.cpp */; };
		CFE8109B2650CCF600114D6D /* rpn.cpp in Sources */ = {isa = PBXBuildFile; fileRef = CFE810772650CCF600114D6D /* rpn.cpp */; };
		CFE8109D2650CCF600114D6D /* main.cpp in Sources */ = {isa = PBXBuildFile; fileRef = CFE8107D2650CCF600114D6D /* main.cpp */; };
		CFE810B02650CD1A00114D6D /* processVsThread.cpp in Sources */ = {isa = PBXBuildFile; fileRef = CFE810A02650CD1A00114D6D /* processVsThread.cpp */; };
		CFE810B12650CD1A00114D6D /* conditional_variables.cpp in Sources */ = {isa = PBXBuildFile; fileRef = CFE810A12650CD1A00114D6D /* conditional_variables.cpp */; };
		CFE810B22650CD1A00114D6D /* lock_vs_try_lock.cpp in Sources */ = {isa = PBXBuildFile; fileRef = CFE810A22650CD1A00114D6D /* lock_vs_try_lock.cpp */; };
		CFE810B32650CD1A00114D6D /* detachedThread.cpp in Sources */ = {isa = PBXBuildFile; fileRef = CFE810A32650CD1A00114D6D /* detachedThread.cpp */; };
		CFE810B42650CD1A00114D6D /* misc.cpp in Sources */ = {isa = PBXBuildFile; fileRef = CFE810A42650CD1A00114D6D /* misc.cpp */; };
		CFE810B52650CD1A00114D6D /* merge_sort_challenge.cpp in Sources */ = {isa = PBXBuildFile; fileRef = CFE810A62650CD1A00114D6D /* merge_sort_challenge.cpp */; };
		CFE810B62650CD1A00114D6D /* download_images_challenge.cpp in Sources */ = {isa = PBXBuildFile; fileRef = CFE810A72650CD1A00114D6D /* download_images_challenge.cpp */; };
		CFE810B72650CD1A00114D6D /* matrix_multiply_challenge.cpp in Sources */ = {isa = PBXBuildFile; fileRef = CFE810A82650CD1A00114D6D /* matrix_multiply_challenge.cpp */; };
		CFE810B82650CD1A00114D6D /* threadEndsWithItsTask.cpp in Sources */ = {isa = PBXBuildFile; fileRef = CFE810A92650CD1A00114D6D /* threadEndsWithItsTask.cpp */; };
		CFE810B92650CD1A00114D6D /* 3_dataRace.cpp in Sources */ = {isa = PBXBuildFile; fileRef = CFE810AA2650CD1A00114D6D /* 3_dataRace.cpp */; };
		CFE810BA2650CD1A00114D6D /* 1_threadStates.cpp in Sources */ = {isa = PBXBuildFile; fileRef = CFE810AC2650CD1A00114D6D /* 1_threadStates.cpp */; };
		CFE810BB2650CD1A00114D6D /* schedulingThreads.cpp in Sources */ = {isa = PBXBuildFile; fileRef = CFE810AD2650CD1A00114D6D /* schedulingThreads.cpp */; };
		CFE810BC2650CD1A00114D6D /* 2_detachedThreads.cpp in Sources */ = {isa = PBXBuildFile; fileRef = CFE810AE2650CD1A00114D6D /* 2_detachedThreads.cpp */; };
		CFE810D12652AE9F00114D6D /* deque.cpp in Sources */ = {isa = PBXBuildFile; fileRef = CFE810CF2652AE9F00114D6D /* deque.cpp */; };
		CFE810D52652B6C800114D6D /* list.cpp in Sources */ = {isa = PBXBuildFile; fileRef = CFE810D32652B6C800114D6D /* list.cpp */; };
		CFE810D92652BF1500114D6D /* array.cpp in Sources */ = {isa = PBXBuildFile; fileRef = CFE810D72652BF1500114D6D /* array.cpp */; };
		CFE87EAC26B5C717003C02D6 /* substrings.cpp in Sources */ = {isa = PBXBuildFile; fileRef = CFE87EAA26B5C717003C02D6 /* substrings.cpp */; };
/* End PBXBuildFile section */

/* Begin PBXCopyFilesBuildPhase section */
		CFBC3628259323E700C965C0 /* CopyFiles */ = {
			isa = PBXCopyFilesBuildPhase;
			buildActionMask = 2147483647;
			dstPath = /usr/share/man/man1/;
			dstSubfolderSpec = 0;
			files = (
			);
			runOnlyForDeploymentPostprocessing = 1;
		};
/* End PBXCopyFilesBuildPhase section */

/* Begin PBXFileReference section */
		CF2484BC265759A20072D867 /* map.cpp */ = {isa = PBXFileReference; lastKnownFileType = sourcecode.cpp.cpp; path = map.cpp; sourceTree = "<group>"; };
		CF2484BD265759A20072D867 /* map.hpp */ = {isa = PBXFileReference; lastKnownFileType = sourcecode.cpp.h; path = map.hpp; sourceTree = "<group>"; };
		CF2484C026586BD80072D867 /* algorithms.cpp */ = {isa = PBXFileReference; lastKnownFileType = sourcecode.cpp.cpp; path = algorithms.cpp; sourceTree = "<group>"; };
		CF2484C126586BD80072D867 /* algorithms.hpp */ = {isa = PBXFileReference; lastKnownFileType = sourcecode.cpp.h; path = algorithms.hpp; sourceTree = "<group>"; };
		CF2484C3265985C70072D867 /* functors.cpp */ = {isa = PBXFileReference; lastKnownFileType = sourcecode.cpp.cpp; path = functors.cpp; sourceTree = "<group>"; };
		CF2484C4265985C70072D867 /* functors.hpp */ = {isa = PBXFileReference; lastKnownFileType = sourcecode.cpp.h; path = functors.hpp; sourceTree = "<group>"; };
		CF7F75822665DC6D00F7BED1 /* utils.cpp */ = {isa = PBXFileReference; lastKnownFileType = sourcecode.cpp.cpp; path = utils.cpp; sourceTree = "<group>"; };
		CF7F75832665DC6D00F7BED1 /* utils.hpp */ = {isa = PBXFileReference; lastKnownFileType = sourcecode.cpp.h; path = utils.hpp; sourceTree = "<group>"; };
		CF7F7585266680D300F7BED1 /* sorting.cpp */ = {isa = PBXFileReference; lastKnownFileType = sourcecode.cpp.cpp; path = sorting.cpp; sourceTree = "<group>"; };
		CF7F7586266680D300F7BED1 /* sorting.hpp */ = {isa = PBXFileReference; lastKnownFileType = sourcecode.cpp.h; path = sorting.hpp; sourceTree = "<group>"; };
		CF7F75882667311400F7BED1 /* 2_modifying.cpp */ = {isa = PBXFileReference; lastKnownFileType = sourcecode.cpp.cpp; path = 2_modifying.cpp; sourceTree = "<group>"; };
		CF7F75892667311400F7BED1 /* 2_modifying.hpp */ = {isa = PBXFileReference; lastKnownFileType = sourcecode.cpp.h; path = 2_modifying.hpp; sourceTree = "<group>"; };
		CF7F758B2669825600F7BED1 /* sortedDataAlgorithms.cpp */ = {isa = PBXFileReference; lastKnownFileType = sourcecode.cpp.cpp; path = sortedDataAlgorithms.cpp; sourceTree = "<group>"; };
		CF7F758C2669825600F7BED1 /* sortedDataAlgorithms.hpp */ = {isa = PBXFileReference; lastKnownFileType = sourcecode.cpp.h; path = sortedDataAlgorithms.hpp; sourceTree = "<group>"; };
		CFAA30F6267F88EC00DAB7FF /* 1_streams.cpp */ = {isa = PBXFileReference; lastKnownFileType = sourcecode.cpp.cpp; path = 1_streams.cpp; sourceTree = "<group>"; };
		CFAA30F7267F88EC00DAB7FF /* 1_streams.hpp */ = {isa = PBXFileReference; lastKnownFileType = sourcecode.cpp.h; path = 1_streams.hpp; sourceTree = "<group>"; };
		CFBC362A259323E700C965C0 /* c++ */ = {isa = PBXFileReference; explicitFileType = "compiled.mach-o.executable"; includeInIndex = 0; path = "c++"; sourceTree = BUILT_PRODUCTS_DIR; };
		CFBC362D259323E700C965C0 /* main.cpp */ = {isa = PBXFileReference; lastKnownFileType = sourcecode.cpp.cpp; path = main.cpp; sourceTree = "<group>"; };
		CFE3048A26743275007ED1F0 /* async_future.cpp */ = {isa = PBXFileReference; lastKnownFileType = sourcecode.cpp.cpp; path = async_future.cpp; sourceTree = "<group>"; };
		CFE3048B26743275007ED1F0 /* async_future.hpp */ = {isa = PBXFileReference; lastKnownFileType = sourcecode.cpp.h; path = async_future.hpp; sourceTree = "<group>"; };
		CFE501D42654B28E002A2B5E /* set.cpp */ = {isa = PBXFileReference; lastKnownFileType = sourcecode.cpp.cpp; path = set.cpp; sourceTree = "<group>"; };
		CFE501D52654B28E002A2B5E /* set.hpp */ = {isa = PBXFileReference; lastKnownFileType = sourcecode.cpp.h; path = set.hpp; sourceTree = "<group>"; };
		CFE501D92654BBEF002A2B5E /* map.cpp */ = {isa = PBXFileReference; lastKnownFileType = sourcecode.cpp.cpp; path = map.cpp; sourceTree = "<group>"; };
		CFE501DA2654BBEF002A2B5E /* map.hpp */ = {isa = PBXFileReference; lastKnownFileType = sourcecode.cpp.h; path = map.hpp; sourceTree = "<group>"; };
		CFE6F12F26794D9D004A99EE /* callbacks.cpp */ = {isa = PBXFileReference; lastKnownFileType = sourcecode.cpp.cpp; path = callbacks.cpp; sourceTree = "<group>"; };
		CFE6F13026794D9D004A99EE /* callbacks.hpp */ = {isa = PBXFileReference; lastKnownFileType = sourcecode.cpp.h; path = callbacks.hpp; sourceTree = "<group>"; };
		CFE6F133267963A2004A99EE /* callable_objects.cpp */ = {isa = PBXFileReference; lastKnownFileType = sourcecode.cpp.cpp; path = callable_objects.cpp; sourceTree = "<group>"; };
		CFE6F134267963A2004A99EE /* callable_objects.hpp */ = {isa = PBXFileReference; lastKnownFileType = sourcecode.cpp.h; path = callable_objects.hpp; sourceTree = "<group>"; };
		CFE79E162665DADB00424962 /* nonModifying.cpp */ = {isa = PBXFileReference; lastKnownFileType = sourcecode.cpp.cpp; path = nonModifying.cpp; sourceTree = "<group>"; };
		CFE79E172665DADB00424962 /* nonModifying.hpp */ = {isa = PBXFileReference; lastKnownFileType = sourcecode.cpp.h; path = nonModifying.hpp; sourceTree = "<group>"; };
		CFE810212650CAFE00114D6D /* misc.cpp */ = {isa = PBXFileReference; fileEncoding = 4; lastKnownFileType = sourcecode.cpp.cpp; path = misc.cpp; sourceTree = "<group>"; };
		CFE810222650CAFE00114D6D /* 1_function_template.cpp */ = {isa = PBXFileReference; fileEncoding = 4; lastKnownFileType = sourcecode.cpp.cpp; path = 1_function_template.cpp; sourceTree = "<group>"; };
		CFE810232650CAFE00114D6D /* 2_class_template.cpp */ = {isa = PBXFileReference; fileEncoding = 4; lastKnownFileType = sourcecode.cpp.cpp; path = 2_class_template.cpp; sourceTree = "<group>"; };
		CFE810262650CAFE00114D6D /* README.md */ = {isa = PBXFileReference; fileEncoding = 4; lastKnownFileType = net.daringfireball.markdown; path = README.md; sourceTree = "<group>"; };
		CFE810282650CAFE00114D6D /* mapFind.cpp */ = {isa = PBXFileReference; fileEncoding = 4; lastKnownFileType = sourcecode.cpp.cpp; path = mapFind.cpp; sourceTree = "<group>"; };
		CFE810292650CAFE00114D6D /* mapIteration.cpp */ = {isa = PBXFileReference; fileEncoding = 4; lastKnownFileType = sourcecode.cpp.cpp; path = mapIteration.cpp; sourceTree = "<group>"; };
		CFE8102B2650CAFE00114D6D /* vector.cpp */ = {isa = PBXFileReference; fileEncoding = 4; lastKnownFileType = sourcecode.cpp.cpp; path = vector.cpp; sourceTree = "<group>"; };
		CFE8103F2650CCF600114D6D /* strings.cpp */ = {isa = PBXFileReference; fileEncoding = 4; lastKnownFileType = sourcecode.cpp.cpp; path = strings.cpp; sourceTree = "<group>"; };
		CFE810412650CCF600114D6D /* Makefile */ = {isa = PBXFileReference; fileEncoding = 4; lastKnownFileType = sourcecode.make; path = Makefile; sourceTree = "<group>"; };
		CFE810422650CCF600114D6D /* main.cpp */ = {isa = PBXFileReference; fileEncoding = 4; lastKnownFileType = sourcecode.cpp.cpp; path = main.cpp; sourceTree = "<group>"; };
		CFE810452650CCF600114D6D /* main.cpp */ = {isa = PBXFileReference; fileEncoding = 4; lastKnownFileType = sourcecode.cpp.cpp; path = main.cpp; sourceTree = "<group>"; };
		CFE810472650CCF600114D6D /* Makefile */ = {isa = PBXFileReference; fileEncoding = 4; lastKnownFileType = sourcecode.make; path = Makefile; sourceTree = "<group>"; };
		CFE810482650CCF600114D6D /* main.cpp */ = {isa = PBXFileReference; fileEncoding = 4; lastKnownFileType = sourcecode.cpp.cpp; path = main.cpp; sourceTree = "<group>"; };
		CFE8104A2650CCF600114D6D /* conversion.cpp */ = {isa = PBXFileReference; fileEncoding = 4; lastKnownFileType = sourcecode.cpp.cpp; path = conversion.cpp; sourceTree = "<group>"; };
		CFE8104C2650CCF600114D6D /* pointers.cpp */ = {isa = PBXFileReference; fileEncoding = 4; lastKnownFileType = sourcecode.cpp.cpp; path = pointers.cpp; sourceTree = "<group>"; };
		CFE8104D2650CCF600114D6D /* pointers2.cpp */ = {isa = PBXFileReference; fileEncoding = 4; lastKnownFileType = sourcecode.cpp.cpp; path = pointers2.cpp; sourceTree = "<group>"; };
		CFE8104F2650CCF600114D6D /* main.cpp */ = {isa = PBXFileReference; fileEncoding = 4; lastKnownFileType = sourcecode.cpp.cpp; path = main.cpp; sourceTree = "<group>"; };
		CFE810512650CCF600114D6D /* main.cpp */ = {isa = PBXFileReference; fileEncoding = 4; lastKnownFileType = sourcecode.cpp.cpp; path = main.cpp; sourceTree = "<group>"; };
		CFE810532650CCF600114D6D /* a.out */ = {isa = PBXFileReference; lastKnownFileType = "compiled.mach-o.executable"; path = a.out; sourceTree = "<group>"; };
		CFE810542650CCF600114D6D /* main.cpp */ = {isa = PBXFileReference; fileEncoding = 4; lastKnownFileType = sourcecode.cpp.cpp; path = main.cpp; sourceTree = "<group>"; };
		CFE810562650CCF600114D6D /* uniquePointers.cpp */ = {isa = PBXFileReference; fileEncoding = 4; lastKnownFileType = sourcecode.cpp.cpp; path = uniquePointers.cpp; sourceTree = "<group>"; };
		CFE810592650CCF600114D6D /* main.cpp */ = {isa = PBXFileReference; fileEncoding = 4; lastKnownFileType = sourcecode.cpp.cpp; path = main.cpp; sourceTree = "<group>"; };
		CFE8105B2650CCF600114D6D /* Makefile */ = {isa = PBXFileReference; fileEncoding = 4; lastKnownFileType = sourcecode.make; path = Makefile; sourceTree = "<group>"; };
		CFE8105C2650CCF600114D6D /* main.cpp */ = {isa = PBXFileReference; fileEncoding = 4; lastKnownFileType = sourcecode.cpp.cpp; path = main.cpp; sourceTree = "<group>"; };
		CFE8105E2650CCF600114D6D /* main.cpp */ = {isa = PBXFileReference; fileEncoding = 4; lastKnownFileType = sourcecode.cpp.cpp; path = main.cpp; sourceTree = "<group>"; };
		CFE810602650CCF600114D6D /* main.cpp */ = {isa = PBXFileReference; fileEncoding = 4; lastKnownFileType = sourcecode.cpp.cpp; path = main.cpp; sourceTree = "<group>"; };
		CFE810622650CCF600114D6D /* lambdaCaptureList.cpp */ = {isa = PBXFileReference; fileEncoding = 4; lastKnownFileType = sourcecode.cpp.cpp; path = lambdaCaptureList.cpp; sourceTree = "<group>"; };
		CFE810632650CCF600114D6D /* lamda.cpp */ = {isa = PBXFileReference; fileEncoding = 4; lastKnownFileType = sourcecode.cpp.cpp; path = lamda.cpp; sourceTree = "<group>"; };
		CFE810652650CCF600114D6D /* array.cpp */ = {isa = PBXFileReference; fileEncoding = 4; lastKnownFileType = sourcecode.cpp.cpp; path = array.cpp; sourceTree = "<group>"; };
		CFE810662650CCF600114D6D /* howNotToWriteComments.c */ = {isa = PBXFileReference; fileEncoding = 4; lastKnownFileType = sourcecode.c.c; path = howNotToWriteComments.c; sourceTree = "<group>"; };
		CFE810682650CCF600114D6D /* Student.cpp */ = {isa = PBXFileReference; fileEncoding = 4; lastKnownFileType = sourcecode.cpp.cpp; path = Student.cpp; sourceTree = "<group>"; };
		CFE8106B2650CCF600114D6D /* Student.h */ = {isa = PBXFileReference; fileEncoding = 4; lastKnownFileType = sourcecode.c.h; path = Student.h; sourceTree = "<group>"; };
		CFE8106E2650CCF600114D6D /* main.cpp */ = {isa = PBXFileReference; fileEncoding = 4; lastKnownFileType = sourcecode.cpp.cpp; path = main.cpp; sourceTree = "<group>"; };
		CFE810702650CCF600114D6D /* main.cpp */ = {isa = PBXFileReference; fileEncoding = 4; lastKnownFileType = sourcecode.cpp.cpp; path = main.cpp; sourceTree = "<group>"; };
		CFE810712650CCF600114D6D /* Cube.h */ = {isa = PBXFileReference; fileEncoding = 4; lastKnownFileType = sourcecode.c.h; path = Cube.h; sourceTree = "<group>"; };
		CFE810732650CCF600114D6D /* main.cpp */ = {isa = PBXFileReference; fileEncoding = 4; lastKnownFileType = sourcecode.cpp.cpp; path = main.cpp; sourceTree = "<group>"; };
		CFE810742650CCF600114D6D /* Cube.cpp */ = {isa = PBXFileReference; fileEncoding = 4; lastKnownFileType = sourcecode.cpp.cpp; path = Cube.cpp; sourceTree = "<group>"; };
		CFE810762650CCF600114D6D /* JSON.cpp */ = {isa = PBXFileReference; fileEncoding = 4; lastKnownFileType = sourcecode.cpp.cpp; path = JSON.cpp; sourceTree = "<group>"; };
		CFE810772650CCF600114D6D /* rpn.cpp */ = {isa = PBXFileReference; fileEncoding = 4; lastKnownFileType = sourcecode.cpp.cpp; path = rpn.cpp; sourceTree = "<group>"; };
		CFE810792650CCF600114D6D /* README.md */ = {isa = PBXFileReference; fileEncoding = 4; lastKnownFileType = net.daringfireball.markdown; path = README.md; sourceTree = "<group>"; };
		CFE8107D2650CCF600114D6D /* main.cpp */ = {isa = PBXFileReference; fileEncoding = 4; lastKnownFileType = sourcecode.cpp.cpp; path = main.cpp; sourceTree = "<group>"; };
		CFE810A02650CD1A00114D6D /* processVsThread.cpp */ = {isa = PBXFileReference; fileEncoding = 4; lastKnownFileType = sourcecode.cpp.cpp; path = processVsThread.cpp; sourceTree = "<group>"; };
		CFE810A12650CD1A00114D6D /* conditional_variables.cpp */ = {isa = PBXFileReference; fileEncoding = 4; lastKnownFileType = sourcecode.cpp.cpp; path = conditional_variables.cpp; sourceTree = "<group>"; };
		CFE810A22650CD1A00114D6D /* lock_vs_try_lock.cpp */ = {isa = PBXFileReference; fileEncoding = 4; lastKnownFileType = sourcecode.cpp.cpp; path = lock_vs_try_lock.cpp; sourceTree = "<group>"; };
		CFE810A32650CD1A00114D6D /* detachedThread.cpp */ = {isa = PBXFileReference; fileEncoding = 4; lastKnownFileType = sourcecode.cpp.cpp; path = detachedThread.cpp; sourceTree = "<group>"; };
		CFE810A42650CD1A00114D6D /* misc.cpp */ = {isa = PBXFileReference; fileEncoding = 4; lastKnownFileType = sourcecode.cpp.cpp; path = misc.cpp; sourceTree = "<group>"; };
		CFE810A62650CD1A00114D6D /* merge_sort_challenge.cpp */ = {isa = PBXFileReference; fileEncoding = 4; lastKnownFileType = sourcecode.cpp.cpp; path = merge_sort_challenge.cpp; sourceTree = "<group>"; };
		CFE810A72650CD1A00114D6D /* download_images_challenge.cpp */ = {isa = PBXFileReference; fileEncoding = 4; lastKnownFileType = sourcecode.cpp.cpp; path = download_images_challenge.cpp; sourceTree = "<group>"; };
		CFE810A82650CD1A00114D6D /* matrix_multiply_challenge.cpp */ = {isa = PBXFileReference; fileEncoding = 4; lastKnownFileType = sourcecode.cpp.cpp; path = matrix_multiply_challenge.cpp; sourceTree = "<group>"; };
		CFE810A92650CD1A00114D6D /* threadEndsWithItsTask.cpp */ = {isa = PBXFileReference; fileEncoding = 4; lastKnownFileType = sourcecode.cpp.cpp; path = threadEndsWithItsTask.cpp; sourceTree = "<group>"; };
		CFE810AA2650CD1A00114D6D /* 3_dataRace.cpp */ = {isa = PBXFileReference; fileEncoding = 4; lastKnownFileType = sourcecode.cpp.cpp; path = 3_dataRace.cpp; sourceTree = "<group>"; };
		CFE810AB2650CD1A00114D6D /* README.md */ = {isa = PBXFileReference; fileEncoding = 4; lastKnownFileType = net.daringfireball.markdown; path = README.md; sourceTree = "<group>"; };
		CFE810AC2650CD1A00114D6D /* 1_threadStates.cpp */ = {isa = PBXFileReference; fileEncoding = 4; lastKnownFileType = sourcecode.cpp.cpp; path = 1_threadStates.cpp; sourceTree = "<group>"; };
		CFE810AD2650CD1A00114D6D /* schedulingThreads.cpp */ = {isa = PBXFileReference; fileEncoding = 4; lastKnownFileType = sourcecode.cpp.cpp; path = schedulingThreads.cpp; sourceTree = "<group>"; };
		CFE810AE2650CD1A00114D6D /* 2_detachedThreads.cpp */ = {isa = PBXFileReference; fileEncoding = 4; lastKnownFileType = sourcecode.cpp.cpp; path = 2_detachedThreads.cpp; sourceTree = "<group>"; };
		CFE810C72650FC2A00114D6D /* headers.h */ = {isa = PBXFileReference; fileEncoding = 4; lastKnownFileType = sourcecode.c.h; path = headers.h; sourceTree = "<group>"; };
		CFE810CC2650FCE000114D6D /* vector.hpp */ = {isa = PBXFileReference; fileEncoding = 4; lastKnownFileType = sourcecode.cpp.h; path = vector.hpp; sourceTree = "<group>"; };
		CFE810CF2652AE9F00114D6D /* deque.cpp */ = {isa = PBXFileReference; lastKnownFileType = sourcecode.cpp.cpp; path = deque.cpp; sourceTree = "<group>"; };
		CFE810D02652AE9F00114D6D /* deque.hpp */ = {isa = PBXFileReference; lastKnownFileType = sourcecode.cpp.h; path = deque.hpp; sourceTree = "<group>"; };
		CFE810D32652B6C800114D6D /* list.cpp */ = {isa = PBXFileReference; lastKnownFileType = sourcecode.cpp.cpp; path = list.cpp; sourceTree = "<group>"; };
		CFE810D42652B6C800114D6D /* list.hpp */ = {isa = PBXFileReference; lastKnownFileType = sourcecode.cpp.h; path = list.hpp; sourceTree = "<group>"; };
		CFE810D72652BF1500114D6D /* array.cpp */ = {isa = PBXFileReference; lastKnownFileType = sourcecode.cpp.cpp; path = array.cpp; sourceTree = "<group>"; };
		CFE810D82652BF1500114D6D /* array.hpp */ = {isa = PBXFileReference; lastKnownFileType = sourcecode.cpp.h; path = array.hpp; sourceTree = "<group>"; };
		CFE87EAA26B5C717003C02D6 /* substrings.cpp */ = {isa = PBXFileReference; lastKnownFileType = sourcecode.cpp.cpp; path = substrings.cpp; sourceTree = "<group>"; };
		CFE87EAB26B5C717003C02D6 /* substrings.hpp */ = {isa = PBXFileReference; lastKnownFileType = sourcecode.cpp.h; path = substrings.hpp; sourceTree = "<group>"; };
/* End PBXFileReference section */

/* Begin PBXFrameworksBuildPhase section */
		CFBC3627259323E700C965C0 /* Frameworks */ = {
			isa = PBXFrameworksBuildPhase;
			buildActionMask = 2147483647;
			files = (
			);
			runOnlyForDeploymentPostprocessing = 0;
		};
/* End PBXFrameworksBuildPhase section */

/* Begin PBXGroup section */
		CF2484B8265758790072D867 /* unordered */ = {
			isa = PBXGroup;
			children = (
				CF2484BC265759A20072D867 /* map.cpp */,
				CF2484BD265759A20072D867 /* map.hpp */,
			);
			path = unordered;
			sourceTree = "<group>";
		};
		CF2484BF26586BC80072D867 /* algorithms */ = {
			isa = PBXGroup;
			children = (
				CF2484C026586BD80072D867 /* algorithms.cpp */,
				CF2484C126586BD80072D867 /* algorithms.hpp */,
				CFE79E162665DADB00424962 /* nonModifying.cpp */,
				CFE79E172665DADB00424962 /* nonModifying.hpp */,
				CF7F7585266680D300F7BED1 /* sorting.cpp */,
				CF7F7586266680D300F7BED1 /* sorting.hpp */,
				CF7F75882667311400F7BED1 /* 2_modifying.cpp */,
				CF7F75892667311400F7BED1 /* 2_modifying.hpp */,
				CF7F758B2669825600F7BED1 /* sortedDataAlgorithms.cpp */,
				CF7F758C2669825600F7BED1 /* sortedDataAlgorithms.hpp */,
			);
			path = algorithms;
			sourceTree = "<group>";
		};
		CF7F75812665DC5A00F7BED1 /* utils */ = {
			isa = PBXGroup;
			children = (
				CF7F75822665DC6D00F7BED1 /* utils.cpp */,
				CF7F75832665DC6D00F7BED1 /* utils.hpp */,
			);
			path = utils;
			sourceTree = "<group>";
		};
		CFAA30F5267F82EF00DAB7FF /* Streams */ = {
			isa = PBXGroup;
			children = (
				CFAA30F6267F88EC00DAB7FF /* 1_streams.cpp */,
				CFAA30F7267F88EC00DAB7FF /* 1_streams.hpp */,
			);
			path = Streams;
			sourceTree = "<group>";
		};
		CFAA30F9267F8C7700DAB7FF /* Bo */ = {
			isa = PBXGroup;
			children = (
				CFAA30F5267F82EF00DAB7FF /* Streams */,
			);
			path = Bo;
			sourceTree = "<group>";
		};
		CFBC3621259323E700C965C0 = {
			isa = PBXGroup;
			children = (
				CFBC362C259323E700C965C0 /* c++ */,
				CFBC362B259323E700C965C0 /* Products */,
			);
			sourceTree = "<group>";
		};
		CFBC362B259323E700C965C0 /* Products */ = {
			isa = PBXGroup;
			children = (
				CFBC362A259323E700C965C0 /* c++ */,
			);
			name = Products;
			sourceTree = "<group>";
		};
		CFBC362C259323E700C965C0 /* c++ */ = {
			isa = PBXGroup;
			children = (
				CF7F75812665DC5A00F7BED1 /* utils */,
				CFE8109F2650CD1A00114D6D /* concurrency */,
				CFE8103D2650CCF600114D6D /* basics */,
				CFE8101F2650CAFE00114D6D /* stl */,
				CFBC362D259323E700C965C0 /* main.cpp */,
			);
			path = "c++";
			sourceTree = "<group>";
		};
		CFE501D32654B273002A2B5E /* associative */ = {
			isa = PBXGroup;
			children = (
				CFE501D42654B28E002A2B5E /* set.cpp */,
				CFE501D52654B28E002A2B5E /* set.hpp */,
				CFE501D92654BBEF002A2B5E /* map.cpp */,
				CFE501DA2654BBEF002A2B5E /* map.hpp */,
			);
			path = associative;
			sourceTree = "<group>";
		};
		CFE6F1322679638B004A99EE /* Bo */ = {
			isa = PBXGroup;
			children = (
				CFE6F133267963A2004A99EE /* callable_objects.cpp */,
				CFE6F134267963A2004A99EE /* callable_objects.hpp */,
			);
			path = Bo;
			sourceTree = "<group>";
		};
		CFE8101F2650CAFE00114D6D /* stl */ = {
			isa = PBXGroup;
			children = (
				CFE810C72650FC2A00114D6D /* headers.h */,
				CFAA30F9267F8C7700DAB7FF /* Bo */,
				CF2484BF26586BC80072D867 /* algorithms */,
				CFE810202650CAFE00114D6D /* templates */,
				CFE810242650CAFE00114D6D /* containers */,
				CF2484C3265985C70072D867 /* functors.cpp */,
				CF2484C4265985C70072D867 /* functors.hpp */,
			);
			path = stl;
			sourceTree = "<group>";
		};
		CFE810202650CAFE00114D6D /* templates */ = {
			isa = PBXGroup;
			children = (
				CFE810212650CAFE00114D6D /* misc.cpp */,
				CFE810222650CAFE00114D6D /* 1_function_template.cpp */,
				CFE810232650CAFE00114D6D /* 2_class_template.cpp */,
			);
			path = templates;
			sourceTree = "<group>";
		};
		CFE810242650CAFE00114D6D /* containers */ = {
			isa = PBXGroup;
			children = (
				CF2484B8265758790072D867 /* unordered */,
				CFE501D32654B273002A2B5E /* associative */,
				CFE810262650CAFE00114D6D /* README.md */,
				CFE810272650CAFE00114D6D /* miscMap */,
				CFE8102A2650CAFE00114D6D /* sequence */,
			);
			path = containers;
			sourceTree = "<group>";
		};
		CFE810272650CAFE00114D6D /* miscMap */ = {
			isa = PBXGroup;
			children = (
				CFE810282650CAFE00114D6D /* mapFind.cpp */,
				CFE810292650CAFE00114D6D /* mapIteration.cpp */,
			);
			path = miscMap;
			sourceTree = "<group>";
		};
		CFE8102A2650CAFE00114D6D /* sequence */ = {
			isa = PBXGroup;
			children = (
				CFE810CC2650FCE000114D6D /* vector.hpp */,
				CFE8102B2650CAFE00114D6D /* vector.cpp */,
				CFE810CF2652AE9F00114D6D /* deque.cpp */,
				CFE810D02652AE9F00114D6D /* deque.hpp */,
				CFE810D32652B6C800114D6D /* list.cpp */,
				CFE810D42652B6C800114D6D /* list.hpp */,
				CFE810D72652BF1500114D6D /* array.cpp */,
				CFE810D82652BF1500114D6D /* array.hpp */,
			);
			path = sequence;
			sourceTree = "<group>";
		};
		CFE8103D2650CCF600114D6D /* basics */ = {
			isa = PBXGroup;
			children = (
				CFE87EA926B5C6FB003C02D6 /* coding */,
				CFE8103E2650CCF600114D6D /* strings */,
				CFE810402650CCF600114D6D /* stacks */,
				CFE810432650CCF600114D6D /* memory */,
				CFE810492650CCF600114D6D /* conversions */,
				CFE8104B2650CCF600114D6D /* pointersAndReferences */,
				CFE8104E2650CCF600114D6D /* qualifiers */,
				CFE810502650CCF600114D6D /* tuples */,
				CFE810522650CCF600114D6D /* enum */,
				CFE810552650CCF600114D6D /* smartPointers */,
				CFE810572650CCF600114D6D /* std */,
				CFE8105A2650CCF600114D6D /* scope */,
				CFE8105D2650CCF600114D6D /* struct */,
				CFE8105F2650CCF600114D6D /* macros */,
				CFE810612650CCF600114D6D /* lamdas */,
				CFE810642650CCF600114D6D /* arrays */,
				CFE810662650CCF600114D6D /* howNotToWriteComments.c */,
				CFE810672650CCF600114D6D /* class */,
				CFE8106C2650CCF600114D6D /* ctor-dtor */,
				CFE810752650CCF600114D6D /* practice */,
				CFE810782650CCF600114D6D /* compilers */,
				CFE8107C2650CCF600114D6D /* operator */,
			);
			path = basics;
			sourceTree = "<group>";
		};
		CFE8103E2650CCF600114D6D /* strings */ = {
			isa = PBXGroup;
			children = (
				CFE8103F2650CCF600114D6D /* strings.cpp */,
			);
			path = strings;
			sourceTree = "<group>";
		};
		CFE810402650CCF600114D6D /* stacks */ = {
			isa = PBXGroup;
			children = (
				CFE810412650CCF600114D6D /* Makefile */,
				CFE810422650CCF600114D6D /* main.cpp */,
			);
			path = stacks;
			sourceTree = "<group>";
		};
		CFE810432650CCF600114D6D /* memory */ = {
			isa = PBXGroup;
			children = (
				CFE810442650CCF600114D6D /* heap */,
				CFE810462650CCF600114D6D /* stack */,
			);
			path = memory;
			sourceTree = "<group>";
		};
		CFE810442650CCF600114D6D /* heap */ = {
			isa = PBXGroup;
			children = (
				CFE810452650CCF600114D6D /* main.cpp */,
			);
			path = heap;
			sourceTree = "<group>";
		};
		CFE810462650CCF600114D6D /* stack */ = {
			isa = PBXGroup;
			children = (
				CFE810472650CCF600114D6D /* Makefile */,
				CFE810482650CCF600114D6D /* main.cpp */,
			);
			path = stack;
			sourceTree = "<group>";
		};
		CFE810492650CCF600114D6D /* conversions */ = {
			isa = PBXGroup;
			children = (
				CFE8104A2650CCF600114D6D /* conversion.cpp */,
			);
			path = conversions;
			sourceTree = "<group>";
		};
		CFE8104B2650CCF600114D6D /* pointersAndReferences */ = {
			isa = PBXGroup;
			children = (
				CFE8104C2650CCF600114D6D /* pointers.cpp */,
				CFE8104D2650CCF600114D6D /* pointers2.cpp */,
			);
			path = pointersAndReferences;
			sourceTree = "<group>";
		};
		CFE8104E2650CCF600114D6D /* qualifiers */ = {
			isa = PBXGroup;
			children = (
				CFE8104F2650CCF600114D6D /* main.cpp */,
			);
			path = qualifiers;
			sourceTree = "<group>";
		};
		CFE810502650CCF600114D6D /* tuples */ = {
			isa = PBXGroup;
			children = (
				CFE810512650CCF600114D6D /* main.cpp */,
			);
			path = tuples;
			sourceTree = "<group>";
		};
		CFE810522650CCF600114D6D /* enum */ = {
			isa = PBXGroup;
			children = (
				CFE810532650CCF600114D6D /* a.out */,
				CFE810542650CCF600114D6D /* main.cpp */,
			);
			path = enum;
			sourceTree = "<group>";
		};
		CFE810552650CCF600114D6D /* smartPointers */ = {
			isa = PBXGroup;
			children = (
				CFE810562650CCF600114D6D /* uniquePointers.cpp */,
			);
			path = smartPointers;
			sourceTree = "<group>";
		};
		CFE810572650CCF600114D6D /* std */ = {
			isa = PBXGroup;
			children = (
				CFE810582650CCF600114D6D /* cout */,
			);
			path = std;
			sourceTree = "<group>";
		};
		CFE810582650CCF600114D6D /* cout */ = {
			isa = PBXGroup;
			children = (
				CFE810592650CCF600114D6D /* main.cpp */,
			);
			path = cout;
			sourceTree = "<group>";
		};
		CFE8105A2650CCF600114D6D /* scope */ = {
			isa = PBXGroup;
			children = (
				CFE8105B2650CCF600114D6D /* Makefile */,
				CFE8105C2650CCF600114D6D /* main.cpp */,
			);
			path = scope;
			sourceTree = "<group>";
		};
		CFE8105D2650CCF600114D6D /* struct */ = {
			isa = PBXGroup;
			children = (
				CFE8105E2650CCF600114D6D /* main.cpp */,
			);
			path = struct;
			sourceTree = "<group>";
		};
		CFE8105F2650CCF600114D6D /* macros */ = {
			isa = PBXGroup;
			children = (
				CFE810602650CCF600114D6D /* main.cpp */,
			);
			path = macros;
			sourceTree = "<group>";
		};
		CFE810612650CCF600114D6D /* lamdas */ = {
			isa = PBXGroup;
			children = (
				CFE810622650CCF600114D6D /* lambdaCaptureList.cpp */,
				CFE810632650CCF600114D6D /* lamda.cpp */,
			);
			path = lamdas;
			sourceTree = "<group>";
		};
		CFE810642650CCF600114D6D /* arrays */ = {
			isa = PBXGroup;
			children = (
				CFE810652650CCF600114D6D /* array.cpp */,
			);
			path = arrays;
			sourceTree = "<group>";
		};
		CFE810672650CCF600114D6D /* class */ = {
			isa = PBXGroup;
			children = (
				CFE810682650CCF600114D6D /* Student.cpp */,
				CFE8106B2650CCF600114D6D /* Student.h */,
			);
			path = class;
			sourceTree = "<group>";
		};
		CFE8106C2650CCF600114D6D /* ctor-dtor */ = {
			isa = PBXGroup;
			children = (
				CFE8106D2650CCF600114D6D /* quiz */,
				CFE8106F2650CCF600114D6D /* ctor */,
				CFE810712650CCF600114D6D /* Cube.h */,
				CFE810722650CCF600114D6D /* dtor */,
				CFE810742650CCF600114D6D /* Cube.cpp */,
			);
			path = "ctor-dtor";
			sourceTree = "<group>";
		};
		CFE8106D2650CCF600114D6D /* quiz */ = {
			isa = PBXGroup;
			children = (
				CFE8106E2650CCF600114D6D /* main.cpp */,
			);
			path = quiz;
			sourceTree = "<group>";
		};
		CFE8106F2650CCF600114D6D /* ctor */ = {
			isa = PBXGroup;
			children = (
				CFE810702650CCF600114D6D /* main.cpp */,
			);
			path = ctor;
			sourceTree = "<group>";
		};
		CFE810722650CCF600114D6D /* dtor */ = {
			isa = PBXGroup;
			children = (
				CFE810732650CCF600114D6D /* main.cpp */,
			);
			path = dtor;
			sourceTree = "<group>";
		};
		CFE810752650CCF600114D6D /* practice */ = {
			isa = PBXGroup;
			children = (
				CFE810762650CCF600114D6D /* JSON.cpp */,
				CFE810772650CCF600114D6D /* rpn.cpp */,
			);
			path = practice;
			sourceTree = "<group>";
		};
		CFE810782650CCF600114D6D /* compilers */ = {
			isa = PBXGroup;
			children = (
				CFE810792650CCF600114D6D /* README.md */,
			);
			path = compilers;
			sourceTree = "<group>";
		};
		CFE8107C2650CCF600114D6D /* operator */ = {
			isa = PBXGroup;
			children = (
				CFE8107D2650CCF600114D6D /* main.cpp */,
			);
			path = operator;
			sourceTree = "<group>";
		};
		CFE8109F2650CD1A00114D6D /* concurrency */ = {
			isa = PBXGroup;
			children = (
				CFE6F1322679638B004A99EE /* Bo */,
				CFE3048A26743275007ED1F0 /* async_future.cpp */,
				CFE3048B26743275007ED1F0 /* async_future.hpp */,
				CFE6F13026794D9D004A99EE /* callbacks.hpp */,
				CFE6F12F26794D9D004A99EE /* callbacks.cpp */,
				CFE810A02650CD1A00114D6D /* processVsThread.cpp */,
				CFE810A12650CD1A00114D6D /* conditional_variables.cpp */,
				CFE810A22650CD1A00114D6D /* lock_vs_try_lock.cpp */,
				CFE810A32650CD1A00114D6D /* detachedThread.cpp */,
				CFE810A42650CD1A00114D6D /* misc.cpp */,
				CFE810A52650CD1A00114D6D /* challenges */,
				CFE810A92650CD1A00114D6D /* threadEndsWithItsTask.cpp */,
				CFE810AA2650CD1A00114D6D /* 3_dataRace.cpp */,
				CFE810AB2650CD1A00114D6D /* README.md */,
				CFE810AC2650CD1A00114D6D /* 1_threadStates.cpp */,
				CFE810AD2650CD1A00114D6D /* schedulingThreads.cpp */,
				CFE810AE2650CD1A00114D6D /* 2_detachedThreads.cpp */,
			);
			path = concurrency;
			sourceTree = "<group>";
		};
		CFE810A52650CD1A00114D6D /* challenges */ = {
			isa = PBXGroup;
			children = (
				CFE810A62650CD1A00114D6D /* merge_sort_challenge.cpp */,
				CFE810A72650CD1A00114D6D /* download_images_challenge.cpp */,
				CFE810A82650CD1A00114D6D /* matrix_multiply_challenge.cpp */,
			);
			path = challenges;
			sourceTree = "<group>";
		};
		CFE87EA926B5C6FB003C02D6 /* coding */ = {
			isa = PBXGroup;
			children = (
				CFE87EAA26B5C717003C02D6 /* substrings.cpp */,
				CFE87EAB26B5C717003C02D6 /* substrings.hpp */,
			);
			path = coding;
			sourceTree = "<group>";
		};
/* End PBXGroup section */

/* Begin PBXNativeTarget section */
		CFBC3629259323E700C965C0 /* c++ */ = {
			isa = PBXNativeTarget;
			buildConfigurationList = CFBC3631259323E700C965C0 /* Build configuration list for PBXNativeTarget "c++" */;
			buildPhases = (
				CFBC3626259323E700C965C0 /* Sources */,
				CFBC3627259323E700C965C0 /* Frameworks */,
				CFBC3628259323E700C965C0 /* CopyFiles */,
			);
			buildRules = (
			);
			dependencies = (
			);
			name = "c++";
			productName = "c++";
			productReference = CFBC362A259323E700C965C0 /* c++ */;
			productType = "com.apple.product-type.tool";
		};
/* End PBXNativeTarget section */

/* Begin PBXProject section */
		CFBC3622259323E700C965C0 /* Project object */ = {
			isa = PBXProject;
			attributes = {
				LastUpgradeCheck = 1220;
				TargetAttributes = {
					CFBC3629259323E700C965C0 = {
						CreatedOnToolsVersion = 12.2;
					};
				};
			};
			buildConfigurationList = CFBC3625259323E700C965C0 /* Build configuration list for PBXProject "c++" */;
			compatibilityVersion = "Xcode 9.3";
			developmentRegion = en;
			hasScannedForEncodings = 0;
			knownRegions = (
				en,
				Base,
			);
			mainGroup = CFBC3621259323E700C965C0;
			productRefGroup = CFBC362B259323E700C965C0 /* Products */;
			projectDirPath = "";
			projectRoot = "";
			targets = (
				CFBC3629259323E700C965C0 /* c++ */,
			);
		};
/* End PBXProject section */

/* Begin PBXSourcesBuildPhase section */
		CFBC3626259323E700C965C0 /* Sources */ = {
			isa = PBXSourcesBuildPhase;
			buildActionMask = 2147483647;
			files = (
				CFE79E182665DADB00424962 /* nonModifying.cpp in Sources */,
				CFE810B22650CD1A00114D6D /* lock_vs_try_lock.cpp in Sources */,
				CFE810D92652BF1500114D6D /* array.cpp in Sources */,
				CFBC362E259323E700C965C0 /* main.cpp in Sources */,
				CFE6F135267963A2004A99EE /* callable_objects.cpp in Sources */,
				CFE8102E2650CAFE00114D6D /* misc.cpp in Sources */,
				CFE810BA2650CD1A00114D6D /* 1_threadStates.cpp in Sources */,
				CFE810982650CCF600114D6D /* main.cpp in Sources */,
				CFE8108F2650CCF600114D6D /* main.cpp in Sources */,
				CFE810942650CCF600114D6D /* Student.cpp in Sources */,
				CFE810D12652AE9F00114D6D /* deque.cpp in Sources */,
				CFE810802650CCF600114D6D /* main.cpp in Sources */,
				CFE810B52650CD1A00114D6D /* merge_sort_challenge.cpp in Sources */,
				CFE810B02650CD1A00114D6D /* processVsThread.cpp in Sources */,
				CFAA30F8267F88EC00DAB7FF /* 1_streams.cpp in Sources */,
				CFE810322650CAFE00114D6D /* mapIteration.cpp in Sources */,
				CFE810912650CCF600114D6D /* lamda.cpp in Sources */,
				CFE8107F2650CCF600114D6D /* Makefile in Sources */,
				CF2484C5265985C70072D867 /* functors.cpp in Sources */,
				CFE810922650CCF600114D6D /* array.cpp in Sources */,
				CFE810842650CCF600114D6D /* conversion.cpp in Sources */,
				CF7F758A2667311400F7BED1 /* 2_modifying.cpp in Sources */,
				CFE810B42650CD1A00114D6D /* misc.cpp in Sources */,
				CFE8109A2650CCF600114D6D /* JSON.cpp in Sources */,
				CFE6F13126794D9D004A99EE /* callbacks.cpp in Sources */,
				CFE810902650CCF600114D6D /* lambdaCaptureList.cpp in Sources */,
				CFE8108C2650CCF600114D6D /* Makefile in Sources */,
				CFE810BB2650CD1A00114D6D /* schedulingThreads.cpp in Sources */,
				CFE3048C26743275007ED1F0 /* async_future.cpp in Sources */,
				CFE810D52652B6C800114D6D /* list.cpp in Sources */,
				CFE8109D2650CCF600114D6D /* main.cpp in Sources */,
				CFE810312650CAFE00114D6D /* mapFind.cpp in Sources */,
				CF7F758D2669825600F7BED1 /* sortedDataAlgorithms.cpp in Sources */,
				CFE8108B2650CCF600114D6D /* main.cpp in Sources */,
				CFE8107E2650CCF600114D6D /* strings.cpp in Sources */,
				CFE810B32650CD1A00114D6D /* detachedThread.cpp in Sources */,
				CFE501DB2654BBEF002A2B5E /* map.cpp in Sources */,
				CFE810932650CCF600114D6D /* howNotToWriteComments.c in Sources */,
				CFE810B92650CD1A00114D6D /* 3_dataRace.cpp in Sources */,
				CFE8109B2650CCF600114D6D /* rpn.cpp in Sources */,
				CFE810B72650CD1A00114D6D /* matrix_multiply_challenge.cpp in Sources */,
				CFE8108E2650CCF600114D6D /* main.cpp in Sources */,
				CFE810992650CCF600114D6D /* Cube.cpp in Sources */,
				CFE8102F2650CAFE00114D6D /* 1_function_template.cpp in Sources */,
				CFE810972650CCF600114D6D /* main.cpp in Sources */,
				CFE501D62654B28E002A2B5E /* set.cpp in Sources */,
				CF2484BE265759A20072D867 /* map.cpp in Sources */,
				CFE87EAC26B5C717003C02D6 /* substrings.cpp in Sources */,
				CFE810B62650CD1A00114D6D /* download_images_challenge.cpp in Sources */,
				CFE810832650CCF600114D6D /* main.cpp in Sources */,
				CFE8108A2650CCF600114D6D /* uniquePointers.cpp in Sources */,
				CFE810BC2650CD1A00114D6D /* 2_detachedThreads.cpp in Sources */,
				CFE810892650CCF600114D6D /* main.cpp in Sources */,
				CFE810962650CCF600114D6D /* main.cpp in Sources */,
				CFE810302650CAFE00114D6D /* 2_class_template.cpp in Sources */,
				CFE810862650CCF600114D6D /* pointers2.cpp in Sources */,
				CFE810B12650CD1A00114D6D /* conditional_variables.cpp in Sources */,
				CF7F7587266680D300F7BED1 /* sorting.cpp in Sources */,
				CFE810B82650CD1A00114D6D /* threadEndsWithItsTask.cpp in Sources */,
				CF7F75842665DC6D00F7BED1 /* utils.cpp in Sources */,
				CFE810872650CCF600114D6D /* main.cpp in Sources */,
				CF2484C226586BD80072D867 /* algorithms.cpp in Sources */,
				CFE8108D2650CCF600114D6D /* main.cpp in Sources */,
				CFE810812650CCF600114D6D /* main.cpp in Sources */,
				CFE810852650CCF600114D6D /* pointers.cpp in Sources */,
				CFE810822650CCF600114D6D /* Makefile in Sources */,
				CFE810882650CCF600114D6D /* main.cpp in Sources */,
				CFE810332650CAFE00114D6D /* vector.cpp in Sources */,
			);
			runOnlyForDeploymentPostprocessing = 0;
		};
/* End PBXSourcesBuildPhase section */

/* Begin XCBuildConfiguration section */
		CFBC362F259323E700C965C0 /* Debug */ = {
			isa = XCBuildConfiguration;
			buildSettings = {
				ALWAYS_SEARCH_USER_PATHS = NO;
				CLANG_ANALYZER_NONNULL = YES;
				CLANG_ANALYZER_NUMBER_OBJECT_CONVERSION = YES_AGGRESSIVE;
				CLANG_CXX_LANGUAGE_STANDARD = "gnu++14";
				CLANG_CXX_LIBRARY = "libc++";
				CLANG_ENABLE_MODULES = YES;
				CLANG_ENABLE_OBJC_ARC = YES;
				CLANG_ENABLE_OBJC_WEAK = YES;
				CLANG_WARN_BLOCK_CAPTURE_AUTORELEASING = YES;
				CLANG_WARN_BOOL_CONVERSION = YES;
				CLANG_WARN_COMMA = YES;
				CLANG_WARN_CONSTANT_CONVERSION = YES;
				CLANG_WARN_DEPRECATED_OBJC_IMPLEMENTATIONS = YES;
				CLANG_WARN_DIRECT_OBJC_ISA_USAGE = YES_ERROR;
				CLANG_WARN_DOCUMENTATION_COMMENTS = YES;
				CLANG_WARN_EMPTY_BODY = YES;
				CLANG_WARN_ENUM_CONVERSION = YES;
				CLANG_WARN_INFINITE_RECURSION = YES;
				CLANG_WARN_INT_CONVERSION = YES;
				CLANG_WARN_NON_LITERAL_NULL_CONVERSION = YES;
				CLANG_WARN_OBJC_IMPLICIT_RETAIN_SELF = YES;
				CLANG_WARN_OBJC_LITERAL_CONVERSION = YES;
				CLANG_WARN_OBJC_ROOT_CLASS = YES_ERROR;
				CLANG_WARN_QUOTED_INCLUDE_IN_FRAMEWORK_HEADER = YES;
				CLANG_WARN_RANGE_LOOP_ANALYSIS = YES;
				CLANG_WARN_STRICT_PROTOTYPES = YES;
				CLANG_WARN_SUSPICIOUS_MOVE = YES;
				CLANG_WARN_UNGUARDED_AVAILABILITY = YES_AGGRESSIVE;
				CLANG_WARN_UNREACHABLE_CODE = YES;
				CLANG_WARN__DUPLICATE_METHOD_MATCH = YES;
				COPY_PHASE_STRIP = NO;
				DEBUG_INFORMATION_FORMAT = dwarf;
				ENABLE_STRICT_OBJC_MSGSEND = YES;
				ENABLE_TESTABILITY = YES;
				GCC_C_LANGUAGE_STANDARD = gnu11;
				GCC_DYNAMIC_NO_PIC = NO;
				GCC_NO_COMMON_BLOCKS = YES;
				GCC_OPTIMIZATION_LEVEL = 0;
				GCC_PREPROCESSOR_DEFINITIONS = (
					"DEBUG=1",
					"$(inherited)",
				);
				GCC_WARN_64_TO_32_BIT_CONVERSION = YES;
				GCC_WARN_ABOUT_RETURN_TYPE = YES_ERROR;
				GCC_WARN_UNDECLARED_SELECTOR = YES;
				GCC_WARN_UNINITIALIZED_AUTOS = YES_AGGRESSIVE;
				GCC_WARN_UNUSED_FUNCTION = YES;
				GCC_WARN_UNUSED_VARIABLE = YES;
				MACOSX_DEPLOYMENT_TARGET = 10.15;
				MTL_ENABLE_DEBUG_INFO = INCLUDE_SOURCE;
				MTL_FAST_MATH = YES;
				ONLY_ACTIVE_ARCH = YES;
				SDKROOT = macosx;
			};
			name = Debug;
		};
		CFBC3630259323E700C965C0 /* Release */ = {
			isa = XCBuildConfiguration;
			buildSettings = {
				ALWAYS_SEARCH_USER_PATHS = NO;
				CLANG_ANALYZER_NONNULL = YES;
				CLANG_ANALYZER_NUMBER_OBJECT_CONVERSION = YES_AGGRESSIVE;
				CLANG_CXX_LANGUAGE_STANDARD = "gnu++14";
				CLANG_CXX_LIBRARY = "libc++";
				CLANG_ENABLE_MODULES = YES;
				CLANG_ENABLE_OBJC_ARC = YES;
				CLANG_ENABLE_OBJC_WEAK = YES;
				CLANG_WARN_BLOCK_CAPTURE_AUTORELEASING = YES;
				CLANG_WARN_BOOL_CONVERSION = YES;
				CLANG_WARN_COMMA = YES;
				CLANG_WARN_CONSTANT_CONVERSION = YES;
				CLANG_WARN_DEPRECATED_OBJC_IMPLEMENTATIONS = YES;
				CLANG_WARN_DIRECT_OBJC_ISA_USAGE = YES_ERROR;
				CLANG_WARN_DOCUMENTATION_COMMENTS = YES;
				CLANG_WARN_EMPTY_BODY = YES;
				CLANG_WARN_ENUM_CONVERSION = YES;
				CLANG_WARN_INFINITE_RECURSION = YES;
				CLANG_WARN_INT_CONVERSION = YES;
				CLANG_WARN_NON_LITERAL_NULL_CONVERSION = YES;
				CLANG_WARN_OBJC_IMPLICIT_RETAIN_SELF = YES;
				CLANG_WARN_OBJC_LITERAL_CONVERSION = YES;
				CLANG_WARN_OBJC_ROOT_CLASS = YES_ERROR;
				CLANG_WARN_QUOTED_INCLUDE_IN_FRAMEWORK_HEADER = YES;
				CLANG_WARN_RANGE_LOOP_ANALYSIS = YES;
				CLANG_WARN_STRICT_PROTOTYPES = YES;
				CLANG_WARN_SUSPICIOUS_MOVE = YES;
				CLANG_WARN_UNGUARDED_AVAILABILITY = YES_AGGRESSIVE;
				CLANG_WARN_UNREACHABLE_CODE = YES;
				CLANG_WARN__DUPLICATE_METHOD_MATCH = YES;
				COPY_PHASE_STRIP = NO;
				DEBUG_INFORMATION_FORMAT = "dwarf-with-dsym";
				ENABLE_NS_ASSERTIONS = NO;
				ENABLE_STRICT_OBJC_MSGSEND = YES;
				GCC_C_LANGUAGE_STANDARD = gnu11;
				GCC_NO_COMMON_BLOCKS = YES;
				GCC_WARN_64_TO_32_BIT_CONVERSION = YES;
				GCC_WARN_ABOUT_RETURN_TYPE = YES_ERROR;
				GCC_WARN_UNDECLARED_SELECTOR = YES;
				GCC_WARN_UNINITIALIZED_AUTOS = YES_AGGRESSIVE;
				GCC_WARN_UNUSED_FUNCTION = YES;
				GCC_WARN_UNUSED_VARIABLE = YES;
				MACOSX_DEPLOYMENT_TARGET = 10.15;
				MTL_ENABLE_DEBUG_INFO = NO;
				MTL_FAST_MATH = YES;
				SDKROOT = macosx;
			};
			name = Release;
		};
		CFBC3632259323E700C965C0 /* Debug */ = {
			isa = XCBuildConfiguration;
			buildSettings = {
				CODE_SIGN_STYLE = Automatic;
				"HEADER_SEARCH_PATHS[arch=*]" = /usr/bin;
				"OTHER_LDFLAGS[arch=*]" = "-lcurl";
				PRODUCT_NAME = "$(TARGET_NAME)";
			};
			name = Debug;
		};
		CFBC3633259323E700C965C0 /* Release */ = {
			isa = XCBuildConfiguration;
			buildSettings = {
				CODE_SIGN_STYLE = Automatic;
				"HEADER_SEARCH_PATHS[arch=*]" = /usr/bin;
				"OTHER_LDFLAGS[arch=*]" = "-lcurl";
				PRODUCT_NAME = "$(TARGET_NAME)";
			};
			name = Release;
		};
/* End XCBuildConfiguration section */

/* Begin XCConfigurationList section */
		CFBC3625259323E700C965C0 /* Build configuration list for PBXProject "c++" */ = {
			isa = XCConfigurationList;
			buildConfigurations = (
				CFBC362F259323E700C965C0 /* Debug */,
				CFBC3630259323E700C965C0 /* Release */,
			);
			defaultConfigurationIsVisible = 0;
			defaultConfigurationName = Release;
		};
		CFBC3631259323E700C965C0 /* Build configuration list for PBXNativeTarget "c++" */ = {
			isa = XCConfigurationList;
			buildConfigurations = (
				CFBC3632259323E700C965C0 /* Debug */,
				CFBC3633259323E700C965C0 /* Release */,
			);
			defaultConfigurationIsVisible = 0;
			defaultConfigurationName = Release;
		};
/* End XCConfigurationList section */
	};
	rootObject = CFBC3622259323E700C965C0 /* Project object */;
}
